// !$*UTF8*$!
{
	archiveVersion = 1;
	classes = {
	};
	objectVersion = 46;
	objects = {

/* Begin PBXBuildFile section */
		64D708681C81BAEB00BA93FC /* main.m in Sources */ = {isa = PBXBuildFile; fileRef = 64D708671C81BAEB00BA93FC /* main.m */; };
		64D7086B1C81BAEB00BA93FC /* AppDelegate.m in Sources */ = {isa = PBXBuildFile; fileRef = 64D7086A1C81BAEB00BA93FC /* AppDelegate.m */; };
		64D7086E1C81BAEB00BA93FC /* FirstViewController.m in Sources */ = {isa = PBXBuildFile; fileRef = 64D7086D1C81BAEB00BA93FC /* FirstViewController.m */; };
		64D708711C81BAEB00BA93FC /* SecondViewController.m in Sources */ = {isa = PBXBuildFile; fileRef = 64D708701C81BAEB00BA93FC /* SecondViewController.m */; };
		64D708741C81BAEB00BA93FC /* Main.storyboard in Resources */ = {isa = PBXBuildFile; fileRef = 64D708721C81BAEB00BA93FC /* Main.storyboard */; };
		64D708761C81BAEB00BA93FC /* Assets.xcassets in Resources */ = {isa = PBXBuildFile; fileRef = 64D708751C81BAEB00BA93FC /* Assets.xcassets */; };
		64D708791C81BAEB00BA93FC /* LaunchScreen.storyboard in Resources */ = {isa = PBXBuildFile; fileRef = 64D708771C81BAEB00BA93FC /* LaunchScreen.storyboard */; };
		64D708881C82A59D00BA93FC /* FirstViewCell.m in Sources */ = {isa = PBXBuildFile; fileRef = 64D708871C82A59D00BA93FC /* FirstViewCell.m */; };
		64D7088B1C82ADB400BA93FC /* SuggestViewController.m in Sources */ = {isa = PBXBuildFile; fileRef = 64D7088A1C82ADB400BA93FC /* SuggestViewController.m */; };
/* End PBXBuildFile section */

/* Begin PBXFileReference section */
		64D708631C81BAEB00BA93FC /* SuggestView.app */ = {isa = PBXFileReference; explicitFileType = wrapper.application; includeInIndex = 0; path = SuggestView.app; sourceTree = BUILT_PRODUCTS_DIR; };
		64D708671C81BAEB00BA93FC /* main.m */ = {isa = PBXFileReference; lastKnownFileType = sourcecode.c.objc; path = main.m; sourceTree = "<group>"; };
		64D708691C81BAEB00BA93FC /* AppDelegate.h */ = {isa = PBXFileReference; lastKnownFileType = sourcecode.c.h; path = AppDelegate.h; sourceTree = "<group>"; };
		64D7086A1C81BAEB00BA93FC /* AppDelegate.m */ = {isa = PBXFileReference; lastKnownFileType = sourcecode.c.objc; path = AppDelegate.m; sourceTree = "<group>"; };
		64D7086C1C81BAEB00BA93FC /* FirstViewController.h */ = {isa = PBXFileReference; lastKnownFileType = sourcecode.c.h; path = FirstViewController.h; sourceTree = "<group>"; };
		64D7086D1C81BAEB00BA93FC /* FirstViewController.m */ = {isa = PBXFileReference; lastKnownFileType = sourcecode.c.objc; path = FirstViewController.m; sourceTree = "<group>"; };
		64D7086F1C81BAEB00BA93FC /* SecondViewController.h */ = {isa = PBXFileReference; lastKnownFileType = sourcecode.c.h; path = SecondViewController.h; sourceTree = "<group>"; };
		64D708701C81BAEB00BA93FC /* SecondViewController.m */ = {isa = PBXFileReference; lastKnownFileType = sourcecode.c.objc; path = SecondViewController.m; sourceTree = "<group>"; };
		64D708731C81BAEB00BA93FC /* Base */ = {isa = PBXFileReference; lastKnownFileType = file.storyboard; name = Base; path = Base.lproj/Main.storyboard; sourceTree = "<group>"; };
		64D708751C81BAEB00BA93FC /* Assets.xcassets */ = {isa = PBXFileReference; lastKnownFileType = folder.assetcatalog; path = Assets.xcassets; sourceTree = "<group>"; };
		64D708781C81BAEB00BA93FC /* Base */ = {isa = PBXFileReference; lastKnownFileType = file.storyboard; name = Base; path = Base.lproj/LaunchScreen.storyboard; sourceTree = "<group>"; };
		64D7087A1C81BAEC00BA93FC /* Info.plist */ = {isa = PBXFileReference; lastKnownFileType = text.plist.xml; path = Info.plist; sourceTree = "<group>"; };
		64D708861C82A59D00BA93FC /* FirstViewCell.h */ = {isa = PBXFileReference; fileEncoding = 4; lastKnownFileType = sourcecode.c.h; path = FirstViewCell.h; sourceTree = "<group>"; };
		64D708871C82A59D00BA93FC /* FirstViewCell.m */ = {isa = PBXFileReference; fileEncoding = 4; lastKnownFileType = sourcecode.c.objc; path = FirstViewCell.m; sourceTree = "<group>"; };
		64D708891C82ADB400BA93FC /* SuggestViewController.h */ = {isa = PBXFileReference; fileEncoding = 4; lastKnownFileType = sourcecode.c.h; path = SuggestViewController.h; sourceTree = "<group>"; };
		64D7088A1C82ADB400BA93FC /* SuggestViewController.m */ = {isa = PBXFileReference; fileEncoding = 4; lastKnownFileType = sourcecode.c.objc; path = SuggestViewController.m; sourceTree = "<group>"; };
/* End PBXFileReference section */

/* Begin PBXFrameworksBuildPhase section */
		64D708601C81BAEB00BA93FC /* Frameworks */ = {
			isa = PBXFrameworksBuildPhase;
			buildActionMask = 2147483647;
			files = (
			);
			runOnlyForDeploymentPostprocessing = 0;
		};
/* End PBXFrameworksBuildPhase section */

/* Begin PBXGroup section */
		64D7085A1C81BAEB00BA93FC = {
			isa = PBXGroup;
			children = (
				64D708651C81BAEB00BA93FC /* SuggestView */,
				64D708641C81BAEB00BA93FC /* Products */,
			);
			sourceTree = "<group>";
		};
		64D708641C81BAEB00BA93FC /* Products */ = {
			isa = PBXGroup;
			children = (
				64D708631C81BAEB00BA93FC /* SuggestView.app */,
			);
			name = Products;
			sourceTree = "<group>";
		};
		64D708651C81BAEB00BA93FC /* SuggestView */ = {
			isa = PBXGroup;
			children = (
				64D708691C81BAEB00BA93FC /* AppDelegate.h */,
				64D7086A1C81BAEB00BA93FC /* AppDelegate.m */,
				64D7086C1C81BAEB00BA93FC /* FirstViewController.h */,
				64D7086D1C81BAEB00BA93FC /* FirstViewController.m */,
				64D708861C82A59D00BA93FC /* FirstViewCell.h */,
				64D708871C82A59D00BA93FC /* FirstViewCell.m */,
				64D7086F1C81BAEB00BA93FC /* SecondViewController.h */,
				64D708701C81BAEB00BA93FC /* SecondViewController.m */,
				64D708891C82ADB400BA93FC /* SuggestViewController.h */,
				64D7088A1C82ADB400BA93FC /* SuggestViewController.m */,
				64D708721C81BAEB00BA93FC /* Main.storyboard */,
				64D708751C81BAEB00BA93FC /* Assets.xcassets */,
				64D708771C81BAEB00BA93FC /* LaunchScreen.storyboard */,
				64D7087A1C81BAEC00BA93FC /* Info.plist */,
				64D708661C81BAEB00BA93FC /* Supporting Files */,
			);
			path = SuggestView;
			sourceTree = "<group>";
		};
		64D708661C81BAEB00BA93FC /* Supporting Files */ = {
			isa = PBXGroup;
			children = (
				64D708671C81BAEB00BA93FC /* main.m */,
			);
			name = "Supporting Files";
			sourceTree = "<group>";
		};
/* End PBXGroup section */

/* Begin PBXNativeTarget section */
		64D708621C81BAEB00BA93FC /* SuggestView */ = {
			isa = PBXNativeTarget;
			buildConfigurationList = 64D7087D1C81BAEC00BA93FC /* Build configuration list for PBXNativeTarget "SuggestView" */;
			buildPhases = (
				64D7085F1C81BAEB00BA93FC /* Sources */,
				64D708601C81BAEB00BA93FC /* Frameworks */,
				64D708611C81BAEB00BA93FC /* Resources */,
			);
			buildRules = (
			);
			dependencies = (
			);
			name = SuggestView;
			productName = SuggestView;
			productReference = 64D708631C81BAEB00BA93FC /* SuggestView.app */;
			productType = "com.apple.product-type.application";
		};
/* End PBXNativeTarget section */

/* Begin PBXProject section */
		64D7085B1C81BAEB00BA93FC /* Project object */ = {
			isa = PBXProject;
			attributes = {
				LastUpgradeCheck = 0720;
				ORGANIZATIONNAME = MurakamiTomoya;
				TargetAttributes = {
					64D708621C81BAEB00BA93FC = {
						CreatedOnToolsVersion = 7.2.1;
					};
				};
			};
			buildConfigurationList = 64D7085E1C81BAEB00BA93FC /* Build configuration list for PBXProject "SuggestView" */;
			compatibilityVersion = "Xcode 3.2";
			developmentRegion = English;
			hasScannedForEncodings = 0;
			knownRegions = (
				en,
				Base,
			);
			mainGroup = 64D7085A1C81BAEB00BA93FC;
			productRefGroup = 64D708641C81BAEB00BA93FC /* Products */;
			projectDirPath = "";
			projectRoot = "";
			targets = (
				64D708621C81BAEB00BA93FC /* SuggestView */,
			);
		};
/* End PBXProject section */

/* Begin PBXResourcesBuildPhase section */
		64D708611C81BAEB00BA93FC /* Resources */ = {
			isa = PBXResourcesBuildPhase;
			buildActionMask = 2147483647;
			files = (
				64D708791C81BAEB00BA93FC /* LaunchScreen.storyboard in Resources */,
				64D708761C81BAEB00BA93FC /* Assets.xcassets in Resources */,
				64D708741C81BAEB00BA93FC /* Main.storyboard in Resources */,
			);
			runOnlyForDeploymentPostprocessing = 0;
		};
/* End PBXResourcesBuildPhase section */

/* Begin PBXSourcesBuildPhase section */
		64D7085F1C81BAEB00BA93FC /* Sources */ = {
			isa = PBXSourcesBuildPhase;
			buildActionMask = 2147483647;
			files = (
				64D708711C81BAEB00BA93FC /* SecondViewController.m in Sources */,
				64D7086B1C81BAEB00BA93FC /* AppDelegate.m in Sources */,
				64D7086E1C81BAEB00BA93FC /* FirstViewController.m in Sources */,
				64D7088B1C82ADB400BA93FC /* SuggestViewController.m in Sources */,
				64D708881C82A59D00BA93FC /* FirstViewCell.m in Sources */,
				64D708681C81BAEB00BA93FC /* main.m in Sources */,
			);
			runOnlyForDeploymentPostprocessing = 0;
		};
/* End PBXSourcesBuildPhase section */

/* Begin PBXVariantGroup section */
		64D708721C81BAEB00BA93FC /* Main.storyboard */ = {
			isa = PBXVariantGroup;
			children = (
				64D708731C81BAEB00BA93FC /* Base */,
			);
			name = Main.storyboard;
			sourceTree = "<group>";
		};
		64D708771C81BAEB00BA93FC /* LaunchScreen.storyboard */ = {
			isa = PBXVariantGroup;
			children = (
				64D708781C81BAEB00BA93FC /* Base */,
			);
			name = LaunchScreen.storyboard;
			sourceTree = "<group>";
		};
/* End PBXVariantGroup section */

/* Begin XCBuildConfiguration section */
		64D7087B1C81BAEC00BA93FC /* Debug */ = {
			isa = XCBuildConfiguration;
			buildSettings = {
				ALWAYS_SEARCH_USER_PATHS = NO;
				CLANG_CXX_LANGUAGE_STANDARD = "gnu++0x";
				CLANG_CXX_LIBRARY = "libc++";
				CLANG_ENABLE_MODULES = YES;
				CLANG_ENABLE_OBJC_ARC = YES;
				CLANG_WARN_BOOL_CONVERSION = YES;
				CLANG_WARN_CONSTANT_CONVERSION = YES;
				CLANG_WARN_DIRECT_OBJC_ISA_USAGE = YES_ERROR;
				CLANG_WARN_EMPTY_BODY = YES;
				CLANG_WARN_ENUM_CONVERSION = YES;
				CLANG_WARN_INT_CONVERSION = YES;
				CLANG_WARN_OBJC_ROOT_CLASS = YES_ERROR;
				CLANG_WARN_UNREACHABLE_CODE = YES;
				CLANG_WARN__DUPLICATE_METHOD_MATCH = YES;
				"CODE_SIGN_IDENTITY[sdk=iphoneos*]" = "iPhone Developer";
				COPY_PHASE_STRIP = NO;
				DEBUG_INFORMATION_FORMAT = dwarf;
				ENABLE_STRICT_OBJC_MSGSEND = YES;
				ENABLE_TESTABILITY = YES;
				GCC_C_LANGUAGE_STANDARD = gnu99;
				GCC_DYNAMIC_NO_PIC = NO;
				GCC_NO_COMMON_BLOCKS = YES;
				GCC_OPTIMIZATION_LEVEL = 0;
				GCC_PREPROCESSOR_DEFINITIONS = (
					"DEBUG=1",
					"$(inherited)",
				);
				GCC_WARN_64_TO_32_BIT_CONVERSION = YES;
				GCC_WARN_ABOUT_RETURN_TYPE = YES_ERROR;
				GCC_WARN_UNDECLARED_SELECTOR = YES;
				GCC_WARN_UNINITIALIZED_AUTOS = YES_AGGRESSIVE;
				GCC_WARN_UNUSED_FUNCTION = YES;
				GCC_WARN_UNUSED_VARIABLE = YES;
				IPHONEOS_DEPLOYMENT_TARGET = 9.2;
				MTL_ENABLE_DEBUG_INFO = YES;
				ONLY_ACTIVE_ARCH = YES;
				SDKROOT = iphoneos;
			};
			name = Debug;
		};
		64D7087C1C81BAEC00BA93FC /* Release */ = {
			isa = XCBuildConfiguration;
			buildSettings = {
				ALWAYS_SEARCH_USER_PATHS = NO;
				CLANG_CXX_LANGUAGE_STANDARD = "gnu++0x";
				CLANG_CXX_LIBRARY = "libc++";
				CLANG_ENABLE_MODULES = YES;
				CLANG_ENABLE_OBJC_ARC = YES;
				CLANG_WARN_BOOL_CONVERSION = YES;
				CLANG_WARN_CONSTANT_CONVERSION = YES;
				CLANG_WARN_DIRECT_OBJC_ISA_USAGE = YES_ERROR;
				CLANG_WARN_EMPTY_BODY = YES;
				CLANG_WARN_ENUM_CONVERSION = YES;
				CLANG_WARN_INT_CONVERSION = YES;
				CLANG_WARN_OBJC_ROOT_CLASS = YES_ERROR;
				CLANG_WARN_UNREACHABLE_CODE = YES;
				CLANG_WARN__DUPLICATE_METHOD_MATCH = YES;
				"CODE_SIGN_IDENTITY[sdk=iphoneos*]" = "iPhone Developer";
				COPY_PHASE_STRIP = NO;
				DEBUG_INFORMATION_FORMAT = "dwarf-with-dsym";
				ENABLE_NS_ASSERTIONS = NO;
				ENABLE_STRICT_OBJC_MSGSEND = YES;
				GCC_C_LANGUAGE_STANDARD = gnu99;
				GCC_NO_COMMON_BLOCKS = YES;
				GCC_WARN_64_TO_32_BIT_CONVERSION = YES;
				GCC_WARN_ABOUT_RETURN_TYPE = YES_ERROR;
				GCC_WARN_UNDECLARED_SELECTOR = YES;
				GCC_WARN_UNINITIALIZED_AUTOS = YES_AGGRESSIVE;
				GCC_WARN_UNUSED_FUNCTION = YES;
				GCC_WARN_UNUSED_VARIABLE = YES;
				IPHONEOS_DEPLOYMENT_TARGET = 9.2;
				MTL_ENABLE_DEBUG_INFO = NO;
				SDKROOT = iphoneos;
				VALIDATE_PRODUCT = YES;
			};
			name = Release;
		};
		64D7087E1C81BAEC00BA93FC /* Debug */ = {
			isa = XCBuildConfiguration;
			buildSettings = {
				ASSETCATALOG_COMPILER_APPICON_NAME = AppIcon;
				INFOPLIST_FILE = SuggestView/Info.plist;
				LD_RUNPATH_SEARCH_PATHS = "$(inherited) @executable_path/Frameworks";
				PRODUCT_BUNDLE_IDENTIFIER = com.murakaming.SuggestView;
				PRODUCT_NAME = "$(TARGET_NAME)";
			};
			name = Debug;
		};
		64D7087F1C81BAEC00BA93FC /* Release */ = {
			isa = XCBuildConfiguration;
			buildSettings = {
				ASSETCATALOG_COMPILER_APPICON_NAME = AppIcon;
				INFOPLIST_FILE = SuggestView/Info.plist;
				LD_RUNPATH_SEARCH_PATHS = "$(inherited) @executable_path/Frameworks";
				PRODUCT_BUNDLE_IDENTIFIER = com.murakaming.SuggestView;
				PRODUCT_NAME = "$(TARGET_NAME)";
			};
			name = Release;
		};
/* End XCBuildConfiguration section */

/* Begin XCConfigurationList section */
		64D7085E1C81BAEB00BA93FC /* Build configuration list for PBXProject "SuggestView" */ = {
			isa = XCConfigurationList;
			buildConfigurations = (
				64D7087B1C81BAEC00BA93FC /* Debug */,
				64D7087C1C81BAEC00BA93FC /* Release */,
			);
			defaultConfigurationIsVisible = 0;
			defaultConfigurationName = Release;
		};
		64D7087D1C81BAEC00BA93FC /* Build configuration list for PBXNativeTarget "SuggestView" */ = {
			isa = XCConfigurationList;
			buildConfigurations = (
				64D7087E1C81BAEC00BA93FC /* Debug */,
				64D7087F1C81BAEC00BA93FC /* Release */,
			);
			defaultConfigurationIsVisible = 0;
		};
/* End XCConfigurationList section */
	};
	rootObject = 64D7085B1C81BAEB00BA93FC /* Project object */;
}
